
Microsoft Visual Studio Solution File, Format Version 12.00
# Visual Studio Version 17
VisualStudioVersion = 17.14.36202.13
MinimumVisualStudioVersion = 10.0.40219.1
Project("{FAE04EC0-301F-11D3-BF4B-00C04F79EFBC}") = "RegexCrafter", "RegexCrafter.csproj", "{099422D3-965E-3BC5-C4A1-6137EE97E858}"
EndProject
Global
	GlobalSection(SolutionConfigurationPlatforms) = preSolution
		Debug|Any CPU = Debug|Any CPU
		Release|Any CPU = Release|Any CPU
	EndGlobalSection
	GlobalSection(ProjectConfigurationPlatforms) = postSolution
		{099422D3-965E-3BC5-C4A1-6137EE97E858}.Debug|Any CPU.ActiveCfg = Debug|Any CPU
		{099422D3-965E-3BC5-C4A1-6137EE97E858}.Debug|Any CPU.Build.0 = Debug|Any CPU
		{099422D3-965E-3BC5-C4A1-6137EE97E858}.Release|Any CPU.ActiveCfg = Release|Any CPU
		{099422D3-965E-3BC5-C4A1-6137EE97E858}.Release|Any CPU.Build.0 = Release|Any CPU
	EndGlobalSection
	GlobalSection(SolutionProperties) = preSolution
		HideSolutionNode = FALSE
	EndGlobalSection
	GlobalSection(ExtensibilityGlobals) = postSolution
		SolutionGuid = {79CE20DD-D8C9-416B-995F-416831FEA80D}
	EndGlobalSection
EndGlobal
